
Microsoft Visual Studio Solution File, Format Version 12.00
# Visual Studio Version 16
VisualStudioVersion = 16.0.29411.108
MinimumVisualStudioVersion = 10.0.40219.1
Project("{FAE04EC0-301F-11D3-BF4B-00C04F79EFBC}") = "EasyWalletAdmin.Android", "EasyWalletAdmin.Android\EasyWalletAdmin.Android.csproj", "{E9E271FC-5A59-4BC2-818A-F9F2D84A481B}"
EndProject
Project("{FAE04EC0-301F-11D3-BF4B-00C04F79EFBC}") = "EasyWalletAdmin.iOS", "EasyWalletAdmin.iOS\EasyWalletAdmin.iOS.csproj", "{9B2B62A0-9A03-4FF5-BAB6-986345DF95F1}"
EndProject
Project("{FAE04EC0-301F-11D3-BF4B-00C04F79EFBC}") = "EasyWalletAdmin", "EasyWalletAdmin\EasyWalletAdmin.csproj", "{AEFE42A5-44B8-4A3A-80EE-F9FAB5467318}"
EndProject
Global
	GlobalSection(SolutionConfigurationPlatforms) = preSolution
		Debug|Any CPU = Debug|Any CPU
		Debug|iPhone = Debug|iPhone
		Debug|iPhoneSimulator = Debug|iPhoneSimulator
		Release|Any CPU = Release|Any CPU
		Release|iPhone = Release|iPhone
		Release|iPhoneSimulator = Release|iPhoneSimulator
	EndGlobalSection
	GlobalSection(ProjectConfigurationPlatforms) = postSolution
		{E9E271FC-5A59-4BC2-818A-F9F2D84A481B}.Debug|Any CPU.ActiveCfg = Debug|Any CPU
		{E9E271FC-5A59-4BC2-818A-F9F2D84A481B}.Debug|Any CPU.Build.0 = Debug|Any CPU
		{E9E271FC-5A59-4BC2-818A-F9F2D84A481B}.Debug|Any CPU.Deploy.0 = Debug|Any CPU
		{E9E271FC-5A59-4BC2-818A-F9F2D84A481B}.Debug|iPhone.ActiveCfg = Debug|Any CPU
		{E9E271FC-5A59-4BC2-818A-F9F2D84A481B}.Debug|iPhone.Build.0 = Debug|Any CPU
		{E9E271FC-5A59-4BC2-818A-F9F2D84A481B}.Debug|iPhone.Deploy.0 = Debug|Any CPU
		{E9E271FC-5A59-4BC2-818A-F9F2D84A481B}.Debug|iPhoneSimulator.ActiveCfg = Debug|Any CPU
		{E9E271FC-5A59-4BC2-818A-F9F2D84A481B}.Debug|iPhoneSimulator.Build.0 = Debug|Any CPU
		{E9E271FC-5A59-4BC2-818A-F9F2D84A481B}.Debug|iPhoneSimulator.Deploy.0 = Debug|Any CPU
		{E9E271FC-5A59-4BC2-818A-F9F2D84A481B}.Release|Any CPU.ActiveCfg = Release|Any CPU
		{E9E271FC-5A59-4BC2-818A-F9F2D84A481B}.Release|Any CPU.Build.0 = Release|Any CPU
		{E9E271FC-5A59-4BC2-818A-F9F2D84A481B}.Release|Any CPU.Deploy.0 = Release|Any CPU
		{E9E271FC-5A59-4BC2-818A-F9F2D84A481B}.Release|iPhone.ActiveCfg = Release|Any CPU
		{E9E271FC-5A59-4BC2-818A-F9F2D84A481B}.Release|iPhone.Build.0 = Release|Any CPU
		{E9E271FC-5A59-4BC2-818A-F9F2D84A481B}.Release|iPhone.Deploy.0 = Release|Any CPU
		{E9E271FC-5A59-4BC2-818A-F9F2D84A481B}.Release|iPhoneSimulator.ActiveCfg = Release|Any CPU
		{E9E271FC-5A59-4BC2-818A-F9F2D84A481B}.Release|iPhoneSimulator.Build.0 = Release|Any CPU
		{E9E271FC-5A59-4BC2-818A-F9F2D84A481B}.Release|iPhoneSimulator.Deploy.0 = Release|Any CPU
		{9B2B62A0-9A03-4FF5-BAB6-986345DF95F1}.Debug|Any CPU.ActiveCfg = Debug|iPhoneSimulator
		{9B2B62A0-9A03-4FF5-BAB6-986345DF95F1}.Debug|Any CPU.Build.0 = Debug|iPhoneSimulator
		{9B2B62A0-9A03-4FF5-BAB6-986345DF95F1}.Debug|Any CPU.Deploy.0 = Debug|iPhoneSimulator
		{9B2B62A0-9A03-4FF5-BAB6-986345DF95F1}.Debug|iPhone.ActiveCfg = Debug|iPhone
		{9B2B62A0-9A03-4FF5-BAB6-986345DF95F1}.Debug|iPhone.Build.0 = Debug|iPhone
		{9B2B62A0-9A03-4FF5-BAB6-986345DF95F1}.Debug|iPhone.Deploy.0 = Debug|iPhone
		{9B2B62A0-9A03-4FF5-BAB6-986345DF95F1}.Debug|iPhoneSimulator.ActiveCfg = Debug|iPhoneSimulator
		{9B2B62A0-9A03-4FF5-BAB6-986345DF95F1}.Debug|iPhoneSimulator.Build.0 = Debug|iPhoneSimulator
		{9B2B62A0-9A03-4FF5-BAB6-986345DF95F1}.Debug|iPhoneSimulator.Deploy.0 = Debug|iPhoneSimulator
		{9B2B62A0-9A03-4FF5-BAB6-986345DF95F1}.Release|Any CPU.ActiveCfg = Release|iPhone
		{9B2B62A0-9A03-4FF5-BAB6-986345DF95F1}.Release|Any CPU.Build.0 = Release|iPhone
		{9B2B62A0-9A03-4FF5-BAB6-986345DF95F1}.Release|Any CPU.Deploy.0 = Release|iPhone
		{9B2B62A0-9A03-4FF5-BAB6-986345DF95F1}.Release|iPhone.ActiveCfg = Release|iPhone
		{9B2B62A0-9A03-4FF5-BAB6-986345DF95F1}.Release|iPhone.Build.0 = Release|iPhone
		{9B2B62A0-9A03-4FF5-BAB6-986345DF95F1}.Release|iPhone.Deploy.0 = Release|iPhone
		{9B2B62A0-9A03-4FF5-BAB6-986345DF95F1}.Release|iPhoneSimulator.ActiveCfg = Release|iPhoneSimulator
		{9B2B62A0-9A03-4FF5-BAB6-986345DF95F1}.Release|iPhoneSimulator.Build.0 = Release|iPhoneSimulator
		{9B2B62A0-9A03-4FF5-BAB6-986345DF95F1}.Release|iPhoneSimulator.Deploy.0 = Release|iPhoneSimulator
		{AEFE42A5-44B8-4A3A-80EE-F9FAB5467318}.Debug|Any CPU.ActiveCfg = Debug|Any CPU
		{AEFE42A5-44B8-4A3A-80EE-F9FAB5467318}.Debug|Any CPU.Build.0 = Debug|Any CPU
		{AEFE42A5-44B8-4A3A-80EE-F9FAB5467318}.Debug|Any CPU.Deploy.0 = Debug|Any CPU
		{AEFE42A5-44B8-4A3A-80EE-F9FAB5467318}.Debug|iPhone.ActiveCfg = Debug|Any CPU
		{AEFE42A5-44B8-4A3A-80EE-F9FAB5467318}.Debug|iPhone.Build.0 = Debug|Any CPU
		{AEFE42A5-44B8-4A3A-80EE-F9FAB5467318}.Debug|iPhone.Deploy.0 = Debug|Any CPU
		{AEFE42A5-44B8-4A3A-80EE-F9FAB5467318}.Debug|iPhoneSimulator.ActiveCfg = Debug|Any CPU
		{AEFE42A5-44B8-4A3A-80EE-F9FAB5467318}.Debug|iPhoneSimulator.Build.0 = Debug|Any CPU
		{AEFE42A5-44B8-4A3A-80EE-F9FAB5467318}.Debug|iPhoneSimulator.Deploy.0 = Debug|Any CPU
		{AEFE42A5-44B8-4A3A-80EE-F9FAB5467318}.Release|Any CPU.ActiveCfg = Release|Any CPU
		{AEFE42A5-44B8-4A3A-80EE-F9FAB5467318}.Release|Any CPU.Build.0 = Release|Any CPU
		{AEFE42A5-44B8-4A3A-80EE-F9FAB5467318}.Release|Any CPU.Deploy.0 = Release|Any CPU
		{AEFE42A5-44B8-4A3A-80EE-F9FAB5467318}.Release|iPhone.ActiveCfg = Release|Any CPU
		{AEFE42A5-44B8-4A3A-80EE-F9FAB5467318}.Release|iPhone.Build.0 = Release|Any CPU
		{AEFE42A5-44B8-4A3A-80EE-F9FAB5467318}.Release|iPhone.Deploy.0 = Release|Any CPU
		{AEFE42A5-44B8-4A3A-80EE-F9FAB5467318}.Release|iPhoneSimulator.ActiveCfg = Release|Any CPU
		{AEFE42A5-44B8-4A3A-80EE-F9FAB5467318}.Release|iPhoneSimulator.Build.0 = Release|Any CPU
		{AEFE42A5-44B8-4A3A-80EE-F9FAB5467318}.Release|iPhoneSimulator.Deploy.0 = Release|Any CPU
	EndGlobalSection
	GlobalSection(SolutionProperties) = preSolution
		HideSolutionNode = FALSE
	EndGlobalSection
	GlobalSection(ExtensibilityGlobals) = postSolution
		SolutionGuid = {A88C351E-0556-490B-8B45-54CD1F66C48C}
	EndGlobalSection
EndGlobal
